
Microsoft Visual Studio Solution File, Format Version 12.00
# Visual Studio Version 16
VisualStudioVersion = 16.0.29613.14
MinimumVisualStudioVersion = 10.0.40219.1
Project("{888888A0-9F3D-457C-B088-3A5042F75D52}") = "WebProject1", "WebProject1\WebProject1.pyproj", "{3740BF54-771D-43B4-8782-00C1A0C6E6FB}"
EndProject
Global
	GlobalSection(SolutionConfigurationPlatforms) = preSolution
		Debug|Any CPU = Debug|Any CPU
		Release|Any CPU = Release|Any CPU
	EndGlobalSection
	GlobalSection(ProjectConfigurationPlatforms) = postSolution
		{3740BF54-771D-43B4-8782-00C1A0C6E6FB}.Debug|Any CPU.ActiveCfg = Debug|Any CPU
		{3740BF54-771D-43B4-8782-00C1A0C6E6FB}.Debug|Any CPU.Build.0 = Debug|Any CPU
		{3740BF54-771D-43B4-8782-00C1A0C6E6FB}.Release|Any CPU.ActiveCfg = Release|Any CPU
		{3740BF54-771D-43B4-8782-00C1A0C6E6FB}.Release|Any CPU.Build.0 = Release|Any CPU
	EndGlobalSection
	GlobalSection(SolutionProperties) = preSolution
		HideSolutionNode = FALSE
	EndGlobalSection
	GlobalSection(ExtensibilityGlobals) = postSolution
		SolutionGuid = {65671787-3A01-48D3-B83F-7DDBA306E304}
	EndGlobalSection
EndGlobal
